
Microsoft Visual Studio Solution File, Format Version 12.00
# Visual Studio Version 16
VisualStudioVersion = 16.0.31624.102
MinimumVisualStudioVersion = 10.0.40219.1
Project("{8BC9CEB8-8B4A-11D0-8D11-00A0C91BC942}") = "ConsoleApplication25", "ConsoleApplication25\ConsoleApplication25.vcxproj", "{F696DBC4-A705-4343-962C-9137DD34CCD9}"
EndProject
Project("{8BC9CEB8-8B4A-11D0-8D11-00A0C91BC942}") = "classWork", "classWork\classWork.vcxproj", "{A2C31CB4-057A-4942-BBB4-0A8B683FBF1B}"
EndProject
Project("{8BC9CEB8-8B4A-11D0-8D11-00A0C91BC942}") = "Queue", "Queue\Queue.vcxproj", "{3B89A330-5793-4722-9312-3047898C031C}"
EndProject
Global
	GlobalSection(SolutionConfigurationPlatforms) = preSolution
		Debug|x64 = Debug|x64
		Debug|x86 = Debug|x86
		Release|x64 = Release|x64
		Release|x86 = Release|x86
	EndGlobalSection
	GlobalSection(ProjectConfigurationPlatforms) = postSolution
		{F696DBC4-A705-4343-962C-9137DD34CCD9}.Debug|x64.ActiveCfg = Debug|x64
		{F696DBC4-A705-4343-962C-9137DD34CCD9}.Debug|x64.Build.0 = Debug|x64
		{F696DBC4-A705-4343-962C-9137DD34CCD9}.Debug|x86.ActiveCfg = Debug|Win32
		{F696DBC4-A705-4343-962C-9137DD34CCD9}.Debug|x86.Build.0 = Debug|Win32
		{F696DBC4-A705-4343-962C-9137DD34CCD9}.Release|x64.ActiveCfg = Release|x64
		{F696DBC4-A705-4343-962C-9137DD34CCD9}.Release|x64.Build.0 = Release|x64
		{F696DBC4-A705-4343-962C-9137DD34CCD9}.Release|x86.ActiveCfg = Release|Win32
		{F696DBC4-A705-4343-962C-9137DD34CCD9}.Release|x86.Build.0 = Release|Win32
		{A2C31CB4-057A-4942-BBB4-0A8B683FBF1B}.Debug|x64.ActiveCfg = Debug|x64
		{A2C31CB4-057A-4942-BBB4-0A8B683FBF1B}.Debug|x64.Build.0 = Debug|x64
		{A2C31CB4-057A-4942-BBB4-0A8B683FBF1B}.Debug|x86.ActiveCfg = Debug|Win32
		{A2C31CB4-057A-4942-BBB4-0A8B683FBF1B}.Debug|x86.Build.0 = Debug|Win32
		{A2C31CB4-057A-4942-BBB4-0A8B683FBF1B}.Release|x64.ActiveCfg = Release|x64
		{A2C31CB4-057A-4942-BBB4-0A8B683FBF1B}.Release|x64.Build.0 = Release|x64
		{A2C31CB4-057A-4942-BBB4-0A8B683FBF1B}.Release|x86.ActiveCfg = Release|Win32
		{A2C31CB4-057A-4942-BBB4-0A8B683FBF1B}.Release|x86.Build.0 = Release|Win32
		{3B89A330-5793-4722-9312-3047898C031C}.Debug|x64.ActiveCfg = Debug|x64
		{3B89A330-5793-4722-9312-3047898C031C}.Debug|x64.Build.0 = Debug|x64
		{3B89A330-5793-4722-9312-3047898C031C}.Debug|x86.ActiveCfg = Debug|Win32
		{3B89A330-5793-4722-9312-3047898C031C}.Debug|x86.Build.0 = Debug|Win32
		{3B89A330-5793-4722-9312-3047898C031C}.Release|x64.ActiveCfg = Release|x64
		{3B89A330-5793-4722-9312-3047898C031C}.Release|x64.Build.0 = Release|x64
		{3B89A330-5793-4722-9312-3047898C031C}.Release|x86.ActiveCfg = Release|Win32
		{3B89A330-5793-4722-9312-3047898C031C}.Release|x86.Build.0 = Release|Win32
	EndGlobalSection
	GlobalSection(SolutionProperties) = preSolution
		HideSolutionNode = FALSE
	EndGlobalSection
	GlobalSection(ExtensibilityGlobals) = postSolution
		SolutionGuid = {37056F13-6170-491E-BCB6-0AEBB7E33A69}
	EndGlobalSection
EndGlobal
